dependencies:
- name: chart-base
  repository: https://hugorganization.github.io/chart_base
  version: 0.3.0
- name: chart-base
  repository: https://hugorganization.github.io/chart_base
  version: 0.3.0
- name: chart-base
  repository: https://hugorganization.github.io/chart_base
  version: 0.1.0
digest: sha256:9f85b73fc87f200e759a48946ef04b2f87ae58a642a7137b78cf5b9fbedf4a5f
generated: "2026-07-27T13:34:45.37175+02:00"
